
Microsoft Visual Studio Solution File, Format Version 12.00
# Visual Studio Version 16
VisualStudioVersion = 16.0.29806.167
MinimumVisualStudioVersion = 10.0.40219.1
Project("{2150E333-8FDC-42A3-9474-1A3956D46DE8}") = "Common", "Common", "{011851C1-7327-4F7C-AA91-0C730E4EF3F2}"
EndProject
Project("{2150E333-8FDC-42A3-9474-1A3956D46DE8}") = "Services", "Services", "{18610738-EB13-4A49-AB9E-DB59DFA2E154}"
EndProject
Project("{2150E333-8FDC-42A3-9474-1A3956D46DE8}") = "UI", "UI", "{6B301509-7197-4A54-881E-739F0E4DB7C9}"
EndProject
Project("{9A19103F-16F7-4668-BE54-9A1E7A4F7556}") = "WebStore.Domain", "Common\WebStore.Domain\WebStore.Domain.csproj", "{9825F6C4-5D2D-4C00-8C7B-555EAF30E342}"
EndProject
Project("{9A19103F-16F7-4668-BE54-9A1E7A4F7556}") = "WebStore.DAL", "Services\WebStore.DAL\WebStore.DAL.csproj", "{C9E9A3A9-3307-4FE8-9AC7-68E2350B4C96}"
EndProject
Project("{9A19103F-16F7-4668-BE54-9A1E7A4F7556}") = "WebStore", "UI\WebStore\WebStore.csproj", "{7157DCBA-45A3-4F69-BE77-414BD3F0008E}"
EndProject
Project("{2150E333-8FDC-42A3-9474-1A3956D46DE8}") = ".Service", ".Service", "{EB0C95A5-0B1E-4987-9E13-6FFD9A9338A1}"
	ProjectSection(SolutionItems) = preProject
		.gitignore = .gitignore
	EndProjectSection
EndProject
Project("{9A19103F-16F7-4668-BE54-9A1E7A4F7556}") = "WebStore.ServiceHosting", "Services\WebStore.ServiceHosting\WebStore.ServiceHosting.csproj", "{D3D8E8A1-339D-4500-8BAF-BE1606213B61}"
EndProject
Project("{9A19103F-16F7-4668-BE54-9A1E7A4F7556}") = "WebStore.Interfaces", "Services\WebStore.Interfaces\WebStore.Interfaces.csproj", "{BBCEBDCF-41C6-4AD5-8C8D-7571783E74C4}"
EndProject
Project("{9A19103F-16F7-4668-BE54-9A1E7A4F7556}") = "WebStore.Services", "Services\WebStore.Services\WebStore.Services.csproj", "{5DAD1FA5-E871-4AA3-BB89-0F23C729F1F4}"
EndProject
Project("{9A19103F-16F7-4668-BE54-9A1E7A4F7556}") = "WebStore.Clients", "Services\WebStore.Clients\WebStore.Clients.csproj", "{7E1D235F-11CA-4102-8CC9-ACCEE6A52833}"
EndProject
Project("{FAE04EC0-301F-11D3-BF4B-00C04F79EFBC}") = "WebStore.Logger", "Common\WebStore.Logger\WebStore.Logger.csproj", "{FBF0BF77-5318-489A-B52D-971751BCF21B}"
EndProject
Global
	GlobalSection(SolutionConfigurationPlatforms) = preSolution
		Debug|Any CPU = Debug|Any CPU
		Release|Any CPU = Release|Any CPU
	EndGlobalSection
	GlobalSection(ProjectConfigurationPlatforms) = postSolution
		{9825F6C4-5D2D-4C00-8C7B-555EAF30E342}.Debug|Any CPU.ActiveCfg = Debug|Any CPU
		{9825F6C4-5D2D-4C00-8C7B-555EAF30E342}.Debug|Any CPU.Build.0 = Debug|Any CPU
		{9825F6C4-5D2D-4C00-8C7B-555EAF30E342}.Release|Any CPU.ActiveCfg = Release|Any CPU
		{9825F6C4-5D2D-4C00-8C7B-555EAF30E342}.Release|Any CPU.Build.0 = Release|Any CPU
		{C9E9A3A9-3307-4FE8-9AC7-68E2350B4C96}.Debug|Any CPU.ActiveCfg = Debug|Any CPU
		{C9E9A3A9-3307-4FE8-9AC7-68E2350B4C96}.Debug|Any CPU.Build.0 = Debug|Any CPU
		{C9E9A3A9-3307-4FE8-9AC7-68E2350B4C96}.Release|Any CPU.ActiveCfg = Release|Any CPU
		{C9E9A3A9-3307-4FE8-9AC7-68E2350B4C96}.Release|Any CPU.Build.0 = Release|Any CPU
		{7157DCBA-45A3-4F69-BE77-414BD3F0008E}.Debug|Any CPU.ActiveCfg = Debug|Any CPU
		{7157DCBA-45A3-4F69-BE77-414BD3F0008E}.Debug|Any CPU.Build.0 = Debug|Any CPU
		{7157DCBA-45A3-4F69-BE77-414BD3F0008E}.Release|Any CPU.ActiveCfg = Release|Any CPU
		{7157DCBA-45A3-4F69-BE77-414BD3F0008E}.Release|Any CPU.Build.0 = Release|Any CPU
		{D3D8E8A1-339D-4500-8BAF-BE1606213B61}.Debug|Any CPU.ActiveCfg = Debug|Any CPU
		{D3D8E8A1-339D-4500-8BAF-BE1606213B61}.Debug|Any CPU.Build.0 = Debug|Any CPU
		{D3D8E8A1-339D-4500-8BAF-BE1606213B61}.Release|Any CPU.ActiveCfg = Release|Any CPU
		{D3D8E8A1-339D-4500-8BAF-BE1606213B61}.Release|Any CPU.Build.0 = Release|Any CPU
		{BBCEBDCF-41C6-4AD5-8C8D-7571783E74C4}.Debug|Any CPU.ActiveCfg = Debug|Any CPU
		{BBCEBDCF-41C6-4AD5-8C8D-7571783E74C4}.Debug|Any CPU.Build.0 = Debug|Any CPU
		{BBCEBDCF-41C6-4AD5-8C8D-7571783E74C4}.Release|Any CPU.ActiveCfg = Release|Any CPU
		{BBCEBDCF-41C6-4AD5-8C8D-7571783E74C4}.Release|Any CPU.Build.0 = Release|Any CPU
		{5DAD1FA5-E871-4AA3-BB89-0F23C729F1F4}.Debug|Any CPU.ActiveCfg = Debug|Any CPU
		{5DAD1FA5-E871-4AA3-BB89-0F23C729F1F4}.Debug|Any CPU.Build.0 = Debug|Any CPU
		{5DAD1FA5-E871-4AA3-BB89-0F23C729F1F4}.Release|Any CPU.ActiveCfg = Release|Any CPU
		{5DAD1FA5-E871-4AA3-BB89-0F23C729F1F4}.Release|Any CPU.Build.0 = Release|Any CPU
		{7E1D235F-11CA-4102-8CC9-ACCEE6A52833}.Debug|Any CPU.ActiveCfg = Debug|Any CPU
		{7E1D235F-11CA-4102-8CC9-ACCEE6A52833}.Debug|Any CPU.Build.0 = Debug|Any CPU
		{7E1D235F-11CA-4102-8CC9-ACCEE6A52833}.Release|Any CPU.ActiveCfg = Release|Any CPU
		{7E1D235F-11CA-4102-8CC9-ACCEE6A52833}.Release|Any CPU.Build.0 = Release|Any CPU
		{FBF0BF77-5318-489A-B52D-971751BCF21B}.Debug|Any CPU.ActiveCfg = Debug|Any CPU
		{FBF0BF77-5318-489A-B52D-971751BCF21B}.Debug|Any CPU.Build.0 = Debug|Any CPU
		{FBF0BF77-5318-489A-B52D-971751BCF21B}.Release|Any CPU.ActiveCfg = Release|Any CPU
		{FBF0BF77-5318-489A-B52D-971751BCF21B}.Release|Any CPU.Build.0 = Release|Any CPU
	EndGlobalSection
	GlobalSection(SolutionProperties) = preSolution
		HideSolutionNode = FALSE
	EndGlobalSection
	GlobalSection(NestedProjects) = preSolution
		{9825F6C4-5D2D-4C00-8C7B-555EAF30E342} = {011851C1-7327-4F7C-AA91-0C730E4EF3F2}
		{C9E9A3A9-3307-4FE8-9AC7-68E2350B4C96} = {18610738-EB13-4A49-AB9E-DB59DFA2E154}
		{7157DCBA-45A3-4F69-BE77-414BD3F0008E} = {6B301509-7197-4A54-881E-739F0E4DB7C9}
		{D3D8E8A1-339D-4500-8BAF-BE1606213B61} = {18610738-EB13-4A49-AB9E-DB59DFA2E154}
		{BBCEBDCF-41C6-4AD5-8C8D-7571783E74C4} = {18610738-EB13-4A49-AB9E-DB59DFA2E154}
		{5DAD1FA5-E871-4AA3-BB89-0F23C729F1F4} = {18610738-EB13-4A49-AB9E-DB59DFA2E154}
		{7E1D235F-11CA-4102-8CC9-ACCEE6A52833} = {18610738-EB13-4A49-AB9E-DB59DFA2E154}
		{FBF0BF77-5318-489A-B52D-971751BCF21B} = {011851C1-7327-4F7C-AA91-0C730E4EF3F2}
	EndGlobalSection
	GlobalSection(ExtensibilityGlobals) = postSolution
		SolutionGuid = {03B48D7A-D1FA-42B8-B4B5-E9BA9125FA87}
	EndGlobalSection
EndGlobal
